
Microsoft Visual Studio Solution File, Format Version 12.00
# Visual Studio Version 17
VisualStudioVersion = 17.11.35312.102
MinimumVisualStudioVersion = 10.0.40219.1
Project("{2150E333-8FDC-42A3-9474-1A3956D46DE8}") = "src", "src", "{418BBFCF-8DEA-4639-B2CB-E1E5903BB036}"
EndProject
Project("{FAE04EC0-301F-11D3-BF4B-00C04F79EFBC}") = "TmdbCollectorApi.Web", "src\TmdbCollectorApi.Web\TmdbCollectorApi.Web.csproj", "{78B44AE3-1C96-4F2E-B15D-301CF241E053}"
EndProject
Global
	GlobalSection(SolutionConfigurationPlatforms) = preSolution
		Debug|Any CPU = Debug|Any CPU
		Release|Any CPU = Release|Any CPU
	EndGlobalSection
	GlobalSection(ProjectConfigurationPlatforms) = postSolution
		{78B44AE3-1C96-4F2E-B15D-301CF241E053}.Debug|Any CPU.ActiveCfg = Debug|Any CPU
		{78B44AE3-1C96-4F2E-B15D-301CF241E053}.Debug|Any CPU.Build.0 = Debug|Any CPU
		{78B44AE3-1C96-4F2E-B15D-301CF241E053}.Release|Any CPU.ActiveCfg = Release|Any CPU
		{78B44AE3-1C96-4F2E-B15D-301CF241E053}.Release|Any CPU.Build.0 = Release|Any CPU
	EndGlobalSection
	GlobalSection(SolutionProperties) = preSolution
		HideSolutionNode = FALSE
	EndGlobalSection
	GlobalSection(NestedProjects) = preSolution
		{78B44AE3-1C96-4F2E-B15D-301CF241E053} = {418BBFCF-8DEA-4639-B2CB-E1E5903BB036}
	EndGlobalSection
	GlobalSection(ExtensibilityGlobals) = postSolution
		SolutionGuid = {5835C104-3FB8-40C7-A1A8-CA742F709C85}
	EndGlobalSection
EndGlobal
